
Microsoft Visual Studio Solution File, Format Version 12.00
# Visual Studio Version 17
VisualStudioVersion = 17.10.35027.167
MinimumVisualStudioVersion = 10.0.40219.1
Project("{FAE04EC0-301F-11D3-BF4B-00C04F79EFBC}") = "EduTrack.MVC", "EduTrack.MVC\EduTrack.MVC.csproj", "{CA1ADFFF-778B-4F6D-8499-AF6641494C83}"
EndProject
Project("{FAE04EC0-301F-11D3-BF4B-00C04F79EFBC}") = "EduTrack.Data", "EduTrack.Data\EduTrack.Data.csproj", "{12C2F1C5-A228-4166-A859-1410AD97F55B}"
EndProject
Project("{FAE04EC0-301F-11D3-BF4B-00C04F79EFBC}") = "EduTrack.Domain", "EduTrack.Domain\EduTrack.Domain.csproj", "{E7D74511-0D76-4438-84C7-C276FFFE890D}"
EndProject
Project("{FAE04EC0-301F-11D3-BF4B-00C04F79EFBC}") = "EduTrack.Service", "EduTrack.Service\EduTrack.Service.csproj", "{2BB17F61-9501-4425-B9FC-8CDE1D375AE0}"
EndProject
Global
	GlobalSection(SolutionConfigurationPlatforms) = preSolution
		Debug|Any CPU = Debug|Any CPU
		Release|Any CPU = Release|Any CPU
	EndGlobalSection
	GlobalSection(ProjectConfigurationPlatforms) = postSolution
		{CA1ADFFF-778B-4F6D-8499-AF6641494C83}.Debug|Any CPU.ActiveCfg = Debug|Any CPU
		{CA1ADFFF-778B-4F6D-8499-AF6641494C83}.Debug|Any CPU.Build.0 = Debug|Any CPU
		{CA1ADFFF-778B-4F6D-8499-AF6641494C83}.Release|Any CPU.ActiveCfg = Release|Any CPU
		{CA1ADFFF-778B-4F6D-8499-AF6641494C83}.Release|Any CPU.Build.0 = Release|Any CPU
		{12C2F1C5-A228-4166-A859-1410AD97F55B}.Debug|Any CPU.ActiveCfg = Debug|Any CPU
		{12C2F1C5-A228-4166-A859-1410AD97F55B}.Debug|Any CPU.Build.0 = Debug|Any CPU
		{12C2F1C5-A228-4166-A859-1410AD97F55B}.Release|Any CPU.ActiveCfg = Release|Any CPU
		{12C2F1C5-A228-4166-A859-1410AD97F55B}.Release|Any CPU.Build.0 = Release|Any CPU
		{E7D74511-0D76-4438-84C7-C276FFFE890D}.Debug|Any CPU.ActiveCfg = Debug|Any CPU
		{E7D74511-0D76-4438-84C7-C276FFFE890D}.Debug|Any CPU.Build.0 = Debug|Any CPU
		{E7D74511-0D76-4438-84C7-C276FFFE890D}.Release|Any CPU.ActiveCfg = Release|Any CPU
		{E7D74511-0D76-4438-84C7-C276FFFE890D}.Release|Any CPU.Build.0 = Release|Any CPU
		{2BB17F61-9501-4425-B9FC-8CDE1D375AE0}.Debug|Any CPU.ActiveCfg = Debug|Any CPU
		{2BB17F61-9501-4425-B9FC-8CDE1D375AE0}.Debug|Any CPU.Build.0 = Debug|Any CPU
		{2BB17F61-9501-4425-B9FC-8CDE1D375AE0}.Release|Any CPU.ActiveCfg = Release|Any CPU
		{2BB17F61-9501-4425-B9FC-8CDE1D375AE0}.Release|Any CPU.Build.0 = Release|Any CPU
	EndGlobalSection
	GlobalSection(SolutionProperties) = preSolution
		HideSolutionNode = FALSE
	EndGlobalSection
	GlobalSection(ExtensibilityGlobals) = postSolution
		SolutionGuid = {360B703E-F1E4-4B4F-8FC0-B77EF1A15AAD}
	EndGlobalSection
EndGlobal
